// !$*UTF8*$!
{
	archiveVersion = 1;
	classes = {
	};
	objectVersion = 50;
	objects = {

/* Begin PBXBuildFile section */
		3978FB84C4082707B81092D5 /* libPods-MedenjaciTests.a in Frameworks */ = {isa = PBXBuildFile; fileRef = 4F744EFCCF39EFDB0BD769EB /* libPods-MedenjaciTests.a */; };
		A6B633DF6D1EF7C4500FEFBF /* libPods-Medenjaci-MedenjaciUITests.a in Frameworks */ = {isa = PBXBuildFile; fileRef = C80064622F53AA45C526E4B0 /* libPods-Medenjaci-MedenjaciUITests.a */; };
		AD16D0CD25C4F26900CA9C57 /* LoginViewController.swift in Sources */ = {isa = PBXBuildFile; fileRef = AD16D0CC25C4F26900CA9C57 /* LoginViewController.swift */; };
		AD16D0D225C4F5D700CA9C57 /* ResetPasswordViewController.swift in Sources */ = {isa = PBXBuildFile; fileRef = AD16D0D125C4F5D700CA9C57 /* ResetPasswordViewController.swift */; };
		AD16D0D725C4F92400CA9C57 /* RegistrationFlowViewController.swift in Sources */ = {isa = PBXBuildFile; fileRef = AD16D0D625C4F92400CA9C57 /* RegistrationFlowViewController.swift */; };
		AD16D0E525C4FC7900CA9C57 /* Main.storyboard in Resources */ = {isa = PBXBuildFile; fileRef = AD16D0E425C4FC7900CA9C57 /* Main.storyboard */; };
		AD16D0EE25C5A54B00CA9C57 /* HomeTableViewController.swift in Sources */ = {isa = PBXBuildFile; fileRef = AD16D0ED25C5A54B00CA9C57 /* HomeTableViewController.swift */; };
		AD16D10625C5BECD00CA9C57 /* Product.swift in Sources */ = {isa = PBXBuildFile; fileRef = AD16D10525C5BECD00CA9C57 /* Product.swift */; };
		AD16D10D25C5BF8400CA9C57 /* CollectionContainerTableCell.swift in Sources */ = {isa = PBXBuildFile; fileRef = AD16D10C25C5BF8400CA9C57 /* CollectionContainerTableCell.swift */; };
		AD16D11525C5C03B00CA9C57 /* CollectionDataSource.swift in Sources */ = {isa = PBXBuildFile; fileRef = AD16D11425C5C03B00CA9C57 /* CollectionDataSource.swift */; };
		AD16D11A25C5C0F400CA9C57 /* BasicCollectionCell.swift in Sources */ = {isa = PBXBuildFile; fileRef = AD16D11925C5C0F400CA9C57 /* BasicCollectionCell.swift */; };
		AD16D12725C5CCC000CA9C57 /* MockData.swift in Sources */ = {isa = PBXBuildFile; fileRef = AD16D12625C5CCC000CA9C57 /* MockData.swift */; };
		AD16D12F25C5CCD400CA9C57 /* HomeModel.swift in Sources */ = {isa = PBXBuildFile; fileRef = AD16D12E25C5CCD400CA9C57 /* HomeModel.swift */; };
		AD16D13425C5CD7E00CA9C57 /* Category.swift in Sources */ = {isa = PBXBuildFile; fileRef = AD16D13325C5CD7E00CA9C57 /* Category.swift */; };
		AD16D14425C5D00900CA9C57 /* Home.json in Resources */ = {isa = PBXBuildFile; fileRef = AD16D14325C5D00900CA9C57 /* Home.json */; };
		AD16D15425C61C0400CA9C57 /* CartTableViewController.swift in Sources */ = {isa = PBXBuildFile; fileRef = AD16D15325C61C0400CA9C57 /* CartTableViewController.swift */; };
		AD16D15E25C6246500CA9C57 /* Order.swift in Sources */ = {isa = PBXBuildFile; fileRef = AD16D15D25C6246500CA9C57 /* Order.swift */; };
		AD16D16325C629D700CA9C57 /* QuaternaryTableCell.swift in Sources */ = {isa = PBXBuildFile; fileRef = AD16D16225C629D700CA9C57 /* QuaternaryTableCell.swift */; };
		AD16D16825C629F200CA9C57 /* TextFieldTableCell.swift in Sources */ = {isa = PBXBuildFile; fileRef = AD16D16725C629F200CA9C57 /* TextFieldTableCell.swift */; };
		AD16D18625C76C5000CA9C57 /* StyledTableCell.swift in Sources */ = {isa = PBXBuildFile; fileRef = AD16D18525C76C5000CA9C57 /* StyledTableCell.swift */; };
		AD5FEF0D25C1A6DE003E2472 /* SetUpUserInfoViewController.swift in Sources */ = {isa = PBXBuildFile; fileRef = AD5FEF0C25C1A6DE003E2472 /* SetUpUserInfoViewController.swift */; };
		AD947C7925C7718F00FFFB1D /* ProfileTableViewController.swift in Sources */ = {isa = PBXBuildFile; fileRef = AD947C7825C7718F00FFFB1D /* ProfileTableViewController.swift */; };
		AD947C7E25C7731F00FFFB1D /* User.swift in Sources */ = {isa = PBXBuildFile; fileRef = AD947C7D25C7731F00FFFB1D /* User.swift */; };
		AD947C8625C7817100FFFB1D /* ChangePasswordViewController.swift in Sources */ = {isa = PBXBuildFile; fileRef = AD947C8525C7817100FFFB1D /* ChangePasswordViewController.swift */; };
		AD947C8E25C7860100FFFB1D /* ProductDetailsTableViewController.swift in Sources */ = {isa = PBXBuildFile; fileRef = AD947C8D25C7860100FFFB1D /* ProductDetailsTableViewController.swift */; };
		AD947C9825C7884000FFFB1D /* TableSpotlightCell.swift in Sources */ = {isa = PBXBuildFile; fileRef = AD947C9725C7884000FFFB1D /* TableSpotlightCell.swift */; };
		AD947C9D25C78AC700FFFB1D /* SingleButtonCell.swift in Sources */ = {isa = PBXBuildFile; fileRef = AD947C9C25C78AC700FFFB1D /* SingleButtonCell.swift */; };
		AD947CA825C78BD000FFFB1D /* Product-1.json in Resources */ = {isa = PBXBuildFile; fileRef = AD947CA425C78BCF00FFFB1D /* Product-1.json */; };
		AD947CA925C78BD000FFFB1D /* Product-2.json in Resources */ = {isa = PBXBuildFile; fileRef = AD947CA525C78BCF00FFFB1D /* Product-2.json */; };
		AD947CAA25C78BD000FFFB1D /* Product-4.json in Resources */ = {isa = PBXBuildFile; fileRef = AD947CA625C78BD000FFFB1D /* Product-4.json */; };
		AD947CAB25C78BD000FFFB1D /* Product-3.json in Resources */ = {isa = PBXBuildFile; fileRef = AD947CA725C78BD000FFFB1D /* Product-3.json */; };
		AD947E1D25C8B63300FFFB1D /* BasicTableCell.swift in Sources */ = {isa = PBXBuildFile; fileRef = AD947E1C25C8B63300FFFB1D /* BasicTableCell.swift */; };
		AD947E3325C8DA6C00FFFB1D /* OrderDetailsViewController.swift in Sources */ = {isa = PBXBuildFile; fileRef = AD947E3225C8DA6C00FFFB1D /* OrderDetailsViewController.swift */; };
		AD947E4C25C8E7EE00FFFB1D /* Date+Extension.swift in Sources */ = {isa = PBXBuildFile; fileRef = AD947E4B25C8E7EE00FFFB1D /* Date+Extension.swift */; };
		ADBB6E2A25BA47250000D5DA /* AppDelegate.swift in Sources */ = {isa = PBXBuildFile; fileRef = ADBB6E2925BA47250000D5DA /* AppDelegate.swift */; };
		ADBB6E2C25BA47250000D5DA /* SceneDelegate.swift in Sources */ = {isa = PBXBuildFile; fileRef = ADBB6E2B25BA47250000D5DA /* SceneDelegate.swift */; };
		ADBB6E2E25BA47250000D5DA /* WelcomeViewController.swift in Sources */ = {isa = PBXBuildFile; fileRef = ADBB6E2D25BA47250000D5DA /* WelcomeViewController.swift */; };
		ADBB6E3125BA47250000D5DA /* Registration.storyboard in Resources */ = {isa = PBXBuildFile; fileRef = ADBB6E2F25BA47250000D5DA /* Registration.storyboard */; };
		ADBB6E3325BA47270000D5DA /* Images.xcassets in Resources */ = {isa = PBXBuildFile; fileRef = ADBB6E3225BA47270000D5DA /* Images.xcassets */; };
		ADBB6E3625BA47270000D5DA /* LaunchScreen.storyboard in Resources */ = {isa = PBXBuildFile; fileRef = ADBB6E3425BA47270000D5DA /* LaunchScreen.storyboard */; };
		ADBB6E4125BA47280000D5DA /* MedenjaciTests.swift in Sources */ = {isa = PBXBuildFile; fileRef = ADBB6E4025BA47280000D5DA /* MedenjaciTests.swift */; };
		ADBB6E4C25BA47280000D5DA /* MedenjaciUITests.swift in Sources */ = {isa = PBXBuildFile; fileRef = ADBB6E4B25BA47280000D5DA /* MedenjaciUITests.swift */; };
		ADBB6EB125BA4F730000D5DA /* Colors.xcassets in Resources */ = {isa = PBXBuildFile; fileRef = ADBB6EB025BA4F730000D5DA /* Colors.xcassets */; };
		ADBB6EB525BA4FAC0000D5DA /* Localizable.strings in Resources */ = {isa = PBXBuildFile; fileRef = ADBB6EB725BA4FAC0000D5DA /* Localizable.strings */; };
		ADBB6EF225BA55AC0000D5DA /* Localization.swift in Sources */ = {isa = PBXBuildFile; fileRef = ADBB6EF025BA55AC0000D5DA /* Localization.swift */; };
		ADBB6EF325BA55AC0000D5DA /* Assets.swift in Sources */ = {isa = PBXBuildFile; fileRef = ADBB6EF125BA55AC0000D5DA /* Assets.swift */; };
		ADBB6EF925BA55B70000D5DA /* StoryboardSegues.swift in Sources */ = {isa = PBXBuildFile; fileRef = ADBB6EF725BA55B70000D5DA /* StoryboardSegues.swift */; };
		ADBB6EFA25BA55B70000D5DA /* StoryboardScenes.swift in Sources */ = {isa = PBXBuildFile; fileRef = ADBB6EF825BA55B70000D5DA /* StoryboardScenes.swift */; };
		ADE003972691EF2000470E79 /* AlertController+Extension.swift in Sources */ = {isa = PBXBuildFile; fileRef = ADE003962691EF2000470E79 /* AlertController+Extension.swift */; };
		ADE0039926922C5600470E79 /* TextFieldAndButtonTableCell.swift in Sources */ = {isa = PBXBuildFile; fileRef = ADE0039826922C5600470E79 /* TextFieldAndButtonTableCell.swift */; };
		ADE0039B2692530000470E79 /* String+Extension.swift in Sources */ = {isa = PBXBuildFile; fileRef = ADE0039A269252FF00470E79 /* String+Extension.swift */; };
		FC49561CCDD7B9F7F22D2C1E /* libPods-Medenjaci.a in Frameworks */ = {isa = PBXBuildFile; fileRef = 535EB3E617141D6EC67BA25A /* libPods-Medenjaci.a */; };
/* End PBXBuildFile section */

/* Begin PBXContainerItemProxy section */
		ADBB6E3D25BA47280000D5DA /* PBXContainerItemProxy */ = {
			isa = PBXContainerItemProxy;
			containerPortal = ADBB6E1E25BA47250000D5DA /* Project object */;
			proxyType = 1;
			remoteGlobalIDString = ADBB6E2525BA47250000D5DA;
			remoteInfo = Medenjaci;
		};
		ADBB6E4825BA47280000D5DA /* PBXContainerItemProxy */ = {
			isa = PBXContainerItemProxy;
			containerPortal = ADBB6E1E25BA47250000D5DA /* Project object */;
			proxyType = 1;
			remoteGlobalIDString = ADBB6E2525BA47250000D5DA;
			remoteInfo = Medenjaci;
		};
/* End PBXContainerItemProxy section */

/* Begin PBXFileReference section */
		16AE8739E2E80DC483E81980 /* Pods-Medenjaci.debug.xcconfig */ = {isa = PBXFileReference; includeInIndex = 1; lastKnownFileType = text.xcconfig; name = "Pods-Medenjaci.debug.xcconfig"; path = "Target Support Files/Pods-Medenjaci/Pods-Medenjaci.debug.xcconfig"; sourceTree = "<group>"; };
		30747943D7C5A1232457E787 /* Pods-MedenjaciTests.debug.xcconfig */ = {isa = PBXFileReference; includeInIndex = 1; lastKnownFileType = text.xcconfig; name = "Pods-MedenjaciTests.debug.xcconfig"; path = "Target Support Files/Pods-MedenjaciTests/Pods-MedenjaciTests.debug.xcconfig"; sourceTree = "<group>"; };
		4DAE61202AF0460E4073A9F1 /* Pods-Medenjaci-MedenjaciUITests.debug.xcconfig */ = {isa = PBXFileReference; includeInIndex = 1; lastKnownFileType = text.xcconfig; name = "Pods-Medenjaci-MedenjaciUITests.debug.xcconfig"; path = "Target Support Files/Pods-Medenjaci-MedenjaciUITests/Pods-Medenjaci-MedenjaciUITests.debug.xcconfig"; sourceTree = "<group>"; };
		4F744EFCCF39EFDB0BD769EB /* libPods-MedenjaciTests.a */ = {isa = PBXFileReference; explicitFileType = archive.ar; includeInIndex = 0; path = "libPods-MedenjaciTests.a"; sourceTree = BUILT_PRODUCTS_DIR; };
		535EB3E617141D6EC67BA25A /* libPods-Medenjaci.a */ = {isa = PBXFileReference; explicitFileType = archive.ar; includeInIndex = 0; path = "libPods-Medenjaci.a"; sourceTree = BUILT_PRODUCTS_DIR; };
		78BD3519BD5BD244012316ED /* Pods-Medenjaci.release.xcconfig */ = {isa = PBXFileReference; includeInIndex = 1; lastKnownFileType = text.xcconfig; name = "Pods-Medenjaci.release.xcconfig"; path = "Target Support Files/Pods-Medenjaci/Pods-Medenjaci.release.xcconfig"; sourceTree = "<group>"; };
		8916D44EDD883E8E48925A9C /* Pods-Medenjaci-MedenjaciUITests.release.xcconfig */ = {isa = PBXFileReference; includeInIndex = 1; lastKnownFileType = text.xcconfig; name = "Pods-Medenjaci-MedenjaciUITests.release.xcconfig"; path = "Target Support Files/Pods-Medenjaci-MedenjaciUITests/Pods-Medenjaci-MedenjaciUITests.release.xcconfig"; sourceTree = "<group>"; };
		8D1A9458B2CA0C5FE2468FA6 /* Pods-MedenjaciTests.release.xcconfig */ = {isa = PBXFileReference; includeInIndex = 1; lastKnownFileType = text.xcconfig; name = "Pods-MedenjaciTests.release.xcconfig"; path = "Target Support Files/Pods-MedenjaciTests/Pods-MedenjaciTests.release.xcconfig"; sourceTree = "<group>"; };
		AD16D0CC25C4F26900CA9C57 /* LoginViewController.swift */ = {isa = PBXFileReference; lastKnownFileType = sourcecode.swift; path = LoginViewController.swift; sourceTree = "<group>"; };
		AD16D0D125C4F5D700CA9C57 /* ResetPasswordViewController.swift */ = {isa = PBXFileReference; lastKnownFileType = sourcecode.swift; path = ResetPasswordViewController.swift; sourceTree = "<group>"; };
		AD16D0D625C4F92400CA9C57 /* RegistrationFlowViewController.swift */ = {isa = PBXFileReference; lastKnownFileType = sourcecode.swift; path = RegistrationFlowViewController.swift; sourceTree = "<group>"; };
		AD16D0E425C4FC7900CA9C57 /* Main.storyboard */ = {isa = PBXFileReference; lastKnownFileType = file.storyboard; path = Main.storyboard; sourceTree = "<group>"; };
		AD16D0ED25C5A54B00CA9C57 /* HomeTableViewController.swift */ = {isa = PBXFileReference; lastKnownFileType = sourcecode.swift; path = HomeTableViewController.swift; sourceTree = "<group>"; };
		AD16D10525C5BECD00CA9C57 /* Product.swift */ = {isa = PBXFileReference; lastKnownFileType = sourcecode.swift; path = Product.swift; sourceTree = "<group>"; };
		AD16D10C25C5BF8400CA9C57 /* CollectionContainerTableCell.swift */ = {isa = PBXFileReference; lastKnownFileType = sourcecode.swift; path = CollectionContainerTableCell.swift; sourceTree = "<group>"; };
		AD16D11425C5C03B00CA9C57 /* CollectionDataSource.swift */ = {isa = PBXFileReference; lastKnownFileType = sourcecode.swift; path = CollectionDataSource.swift; sourceTree = "<group>"; };
		AD16D11925C5C0F400CA9C57 /* BasicCollectionCell.swift */ = {isa = PBXFileReference; lastKnownFileType = sourcecode.swift; path = BasicCollectionCell.swift; sourceTree = "<group>"; };
		AD16D12625C5CCC000CA9C57 /* MockData.swift */ = {isa = PBXFileReference; lastKnownFileType = sourcecode.swift; path = MockData.swift; sourceTree = "<group>"; };
		AD16D12E25C5CCD400CA9C57 /* HomeModel.swift */ = {isa = PBXFileReference; lastKnownFileType = sourcecode.swift; path = HomeModel.swift; sourceTree = "<group>"; };
		AD16D13325C5CD7E00CA9C57 /* Category.swift */ = {isa = PBXFileReference; lastKnownFileType = sourcecode.swift; path = Category.swift; sourceTree = "<group>"; };
		AD16D14325C5D00900CA9C57 /* Home.json */ = {isa = PBXFileReference; fileEncoding = 4; lastKnownFileType = text.json; path = Home.json; sourceTree = "<group>"; };
		AD16D15325C61C0400CA9C57 /* CartTableViewController.swift */ = {isa = PBXFileReference; lastKnownFileType = sourcecode.swift; path = CartTableViewController.swift; sourceTree = "<group>"; };
		AD16D15D25C6246500CA9C57 /* Order.swift */ = {isa = PBXFileReference; lastKnownFileType = sourcecode.swift; path = Order.swift; sourceTree = "<group>"; };
		AD16D16225C629D700CA9C57 /* QuaternaryTableCell.swift */ = {isa = PBXFileReference; lastKnownFileType = sourcecode.swift; name = QuaternaryTableCell.swift; path = Medenjaci/UI/Cells/TableViewCell/QuaternaryTableCell.swift; sourceTree = SOURCE_ROOT; };
		AD16D16725C629F200CA9C57 /* TextFieldTableCell.swift */ = {isa = PBXFileReference; lastKnownFileType = sourcecode.swift; path = TextFieldTableCell.swift; sourceTree = "<group>"; };
		AD16D18525C76C5000CA9C57 /* StyledTableCell.swift */ = {isa = PBXFileReference; lastKnownFileType = sourcecode.swift; path = StyledTableCell.swift; sourceTree = "<group>"; };
		AD5FEF0C25C1A6DE003E2472 /* SetUpUserInfoViewController.swift */ = {isa = PBXFileReference; lastKnownFileType = sourcecode.swift; path = SetUpUserInfoViewController.swift; sourceTree = "<group>"; };
		AD947C7825C7718F00FFFB1D /* ProfileTableViewController.swift */ = {isa = PBXFileReference; lastKnownFileType = sourcecode.swift; path = ProfileTableViewController.swift; sourceTree = "<group>"; };
		AD947C7D25C7731F00FFFB1D /* User.swift */ = {isa = PBXFileReference; lastKnownFileType = sourcecode.swift; path = User.swift; sourceTree = "<group>"; };
		AD947C8525C7817100FFFB1D /* ChangePasswordViewController.swift */ = {isa = PBXFileReference; lastKnownFileType = sourcecode.swift; path = ChangePasswordViewController.swift; sourceTree = "<group>"; };
		AD947C8D25C7860100FFFB1D /* ProductDetailsTableViewController.swift */ = {isa = PBXFileReference; lastKnownFileType = sourcecode.swift; path = ProductDetailsTableViewController.swift; sourceTree = "<group>"; };
		AD947C9725C7884000FFFB1D /* TableSpotlightCell.swift */ = {isa = PBXFileReference; lastKnownFileType = sourcecode.swift; path = TableSpotlightCell.swift; sourceTree = "<group>"; };
		AD947C9C25C78AC700FFFB1D /* SingleButtonCell.swift */ = {isa = PBXFileReference; lastKnownFileType = sourcecode.swift; path = SingleButtonCell.swift; sourceTree = "<group>"; };
		AD947CA425C78BCF00FFFB1D /* Product-1.json */ = {isa = PBXFileReference; fileEncoding = 4; lastKnownFileType = text.json; path = "Product-1.json"; sourceTree = "<group>"; };
		AD947CA525C78BCF00FFFB1D /* Product-2.json */ = {isa = PBXFileReference; fileEncoding = 4; lastKnownFileType = text.json; path = "Product-2.json"; sourceTree = "<group>"; };
		AD947CA625C78BD000FFFB1D /* Product-4.json */ = {isa = PBXFileReference; fileEncoding = 4; lastKnownFileType = text.json; path = "Product-4.json"; sourceTree = "<group>"; };
		AD947CA725C78BD000FFFB1D /* Product-3.json */ = {isa = PBXFileReference; fileEncoding = 4; lastKnownFileType = text.json; path = "Product-3.json"; sourceTree = "<group>"; };
		AD947E1C25C8B63300FFFB1D /* BasicTableCell.swift */ = {isa = PBXFileReference; lastKnownFileType = sourcecode.swift; path = BasicTableCell.swift; sourceTree = "<group>"; };
		AD947E3225C8DA6C00FFFB1D /* OrderDetailsViewController.swift */ = {isa = PBXFileReference; lastKnownFileType = sourcecode.swift; path = OrderDetailsViewController.swift; sourceTree = "<group>"; };
		AD947E4B25C8E7EE00FFFB1D /* Date+Extension.swift */ = {isa = PBXFileReference; lastKnownFileType = sourcecode.swift; path = "Date+Extension.swift"; sourceTree = "<group>"; };
		ADBB6E2625BA47250000D5DA /* Medenjaci.app */ = {isa = PBXFileReference; explicitFileType = wrapper.application; includeInIndex = 0; path = Medenjaci.app; sourceTree = BUILT_PRODUCTS_DIR; };
		ADBB6E2925BA47250000D5DA /* AppDelegate.swift */ = {isa = PBXFileReference; lastKnownFileType = sourcecode.swift; path = AppDelegate.swift; sourceTree = "<group>"; };
		ADBB6E2B25BA47250000D5DA /* SceneDelegate.swift */ = {isa = PBXFileReference; lastKnownFileType = sourcecode.swift; path = SceneDelegate.swift; sourceTree = "<group>"; };
		ADBB6E2D25BA47250000D5DA /* WelcomeViewController.swift */ = {isa = PBXFileReference; lastKnownFileType = sourcecode.swift; path = WelcomeViewController.swift; sourceTree = "<group>"; };
		ADBB6E3025BA47250000D5DA /* Base */ = {isa = PBXFileReference; lastKnownFileType = file.storyboard; name = Base; path = Base.lproj/Registration.storyboard; sourceTree = "<group>"; };
		ADBB6E3225BA47270000D5DA /* Images.xcassets */ = {isa = PBXFileReference; lastKnownFileType = folder.assetcatalog; path = Images.xcassets; sourceTree = "<group>"; };
		ADBB6E3525BA47270000D5DA /* Base */ = {isa = PBXFileReference; lastKnownFileType = file.storyboard; name = Base; path = Base.lproj/LaunchScreen.storyboard; sourceTree = "<group>"; };
		ADBB6E3725BA47270000D5DA /* Info.plist */ = {isa = PBXFileReference; lastKnownFileType = text.plist.xml; path = Info.plist; sourceTree = "<group>"; };
		ADBB6E3C25BA47280000D5DA /* MedenjaciTests.xctest */ = {isa = PBXFileReference; explicitFileType = wrapper.cfbundle; includeInIndex = 0; path = MedenjaciTests.xctest; sourceTree = BUILT_PRODUCTS_DIR; };
		ADBB6E4025BA47280000D5DA /* MedenjaciTests.swift */ = {isa = PBXFileReference; lastKnownFileType = sourcecode.swift; path = MedenjaciTests.swift; sourceTree = "<group>"; };
		ADBB6E4225BA47280000D5DA /* Info.plist */ = {isa = PBXFileReference; lastKnownFileType = text.plist.xml; path = Info.plist; sourceTree = "<group>"; };
		ADBB6E4725BA47280000D5DA /* MedenjaciUITests.xctest */ = {isa = PBXFileReference; explicitFileType = wrapper.cfbundle; includeInIndex = 0; path = MedenjaciUITests.xctest; sourceTree = BUILT_PRODUCTS_DIR; };
		ADBB6E4B25BA47280000D5DA /* MedenjaciUITests.swift */ = {isa = PBXFileReference; lastKnownFileType = sourcecode.swift; path = MedenjaciUITests.swift; sourceTree = "<group>"; };
		ADBB6E4D25BA47280000D5DA /* Info.plist */ = {isa = PBXFileReference; lastKnownFileType = text.plist.xml; path = Info.plist; sourceTree = "<group>"; };
		ADBB6EB025BA4F730000D5DA /* Colors.xcassets */ = {isa = PBXFileReference; lastKnownFileType = folder.assetcatalog; path = Colors.xcassets; sourceTree = "<group>"; };
		ADBB6EBB25BA50550000D5DA /* sr-RS */ = {isa = PBXFileReference; lastKnownFileType = text.plist.strings; name = "sr-RS"; path = "sr-RS.lproj/Localizable.strings"; sourceTree = "<group>"; };
		ADBB6EBF25BA506C0000D5DA /* en */ = {isa = PBXFileReference; lastKnownFileType = text.plist.strings; name = en; path = en.lproj/Localizable.strings; sourceTree = "<group>"; };
		ADBB6EF025BA55AC0000D5DA /* Localization.swift */ = {isa = PBXFileReference; fileEncoding = 4; lastKnownFileType = sourcecode.swift; path = Localization.swift; sourceTree = "<group>"; };
		ADBB6EF125BA55AC0000D5DA /* Assets.swift */ = {isa = PBXFileReference; fileEncoding = 4; lastKnownFileType = sourcecode.swift; path = Assets.swift; sourceTree = "<group>"; };
		ADBB6EF725BA55B70000D5DA /* StoryboardSegues.swift */ = {isa = PBXFileReference; fileEncoding = 4; lastKnownFileType = sourcecode.swift; path = StoryboardSegues.swift; sourceTree = "<group>"; };
		ADBB6EF825BA55B70000D5DA /* StoryboardScenes.swift */ = {isa = PBXFileReference; fileEncoding = 4; lastKnownFileType = sourcecode.swift; path = StoryboardScenes.swift; sourceTree = "<group>"; };
		ADE003962691EF2000470E79 /* AlertController+Extension.swift */ = {isa = PBXFileReference; lastKnownFileType = sourcecode.swift; path = "AlertController+Extension.swift"; sourceTree = "<group>"; };
		ADE0039826922C5600470E79 /* TextFieldAndButtonTableCell.swift */ = {isa = PBXFileReference; lastKnownFileType = sourcecode.swift; path = TextFieldAndButtonTableCell.swift; sourceTree = "<group>"; };
		ADE0039A269252FF00470E79 /* String+Extension.swift */ = {isa = PBXFileReference; lastKnownFileType = sourcecode.swift; path = "String+Extension.swift"; sourceTree = "<group>"; };
		C80064622F53AA45C526E4B0 /* libPods-Medenjaci-MedenjaciUITests.a */ = {isa = PBXFileReference; explicitFileType = archive.ar; includeInIndex = 0; path = "libPods-Medenjaci-MedenjaciUITests.a"; sourceTree = BUILT_PRODUCTS_DIR; };
/* End PBXFileReference section */

/* Begin PBXFrameworksBuildPhase section */
		ADBB6E2325BA47250000D5DA /* Frameworks */ = {
			isa = PBXFrameworksBuildPhase;
			buildActionMask = 2147483647;
			files = (
				FC49561CCDD7B9F7F22D2C1E /* libPods-Medenjaci.a in Frameworks */,
			);
			runOnlyForDeploymentPostprocessing = 0;
		};
		ADBB6E3925BA47280000D5DA /* Frameworks */ = {
			isa = PBXFrameworksBuildPhase;
			buildActionMask = 2147483647;
			files = (
				3978FB84C4082707B81092D5 /* libPods-MedenjaciTests.a in Frameworks */,
			);
			runOnlyForDeploymentPostprocessing = 0;
		};
		ADBB6E4425BA47280000D5DA /* Frameworks */ = {
			isa = PBXFrameworksBuildPhase;
			buildActionMask = 2147483647;
			files = (
				A6B633DF6D1EF7C4500FEFBF /* libPods-Medenjaci-MedenjaciUITests.a in Frameworks */,
			);
			runOnlyForDeploymentPostprocessing = 0;
		};
/* End PBXFrameworksBuildPhase section */

/* Begin PBXGroup section */
		404DFEA9F0FE6F7B592FD46F /* Pods */ = {
			isa = PBXGroup;
			children = (
				16AE8739E2E80DC483E81980 /* Pods-Medenjaci.debug.xcconfig */,
				78BD3519BD5BD244012316ED /* Pods-Medenjaci.release.xcconfig */,
				4DAE61202AF0460E4073A9F1 /* Pods-Medenjaci-MedenjaciUITests.debug.xcconfig */,
				8916D44EDD883E8E48925A9C /* Pods-Medenjaci-MedenjaciUITests.release.xcconfig */,
				30747943D7C5A1232457E787 /* Pods-MedenjaciTests.debug.xcconfig */,
				8D1A9458B2CA0C5FE2468FA6 /* Pods-MedenjaciTests.release.xcconfig */,
			);
			path = Pods;
			sourceTree = "<group>";
		};
		AD16D0EC25C5A52900CA9C57 /* Onboarding */ = {
			isa = PBXGroup;
			children = (
				ADBB6E2D25BA47250000D5DA /* WelcomeViewController.swift */,
				AD16D0D625C4F92400CA9C57 /* RegistrationFlowViewController.swift */,
				AD5FEF0C25C1A6DE003E2472 /* SetUpUserInfoViewController.swift */,
				AD16D0CC25C4F26900CA9C57 /* LoginViewController.swift */,
				AD16D0D125C4F5D700CA9C57 /* ResetPasswordViewController.swift */,
			);
			path = Onboarding;
			sourceTree = "<group>";
		};
		AD16D10A25C5BED200CA9C57 /* Models */ = {
			isa = PBXGroup;
			children = (
				AD16D10525C5BECD00CA9C57 /* Product.swift */,
				AD16D12E25C5CCD400CA9C57 /* HomeModel.swift */,
				AD16D13325C5CD7E00CA9C57 /* Category.swift */,
				AD16D15D25C6246500CA9C57 /* Order.swift */,
				AD947C7D25C7731F00FFFB1D /* User.swift */,
			);
			path = Models;
			sourceTree = "<group>";
		};
		AD16D10B25C5BF4800CA9C57 /* Cells */ = {
			isa = PBXGroup;
			children = (
				AD947E5F25C8FBF300FFFB1D /* TableViewCell */,
				AD947E5E25C8FBD800FFFB1D /* CollectionContainerCell */,
				AD16D11E25C5CB8000CA9C57 /* CellDataSource */,
			);
			path = Cells;
			sourceTree = "<group>";
		};
		AD16D11E25C5CB8000CA9C57 /* CellDataSource */ = {
			isa = PBXGroup;
			children = (
				AD16D11425C5C03B00CA9C57 /* CollectionDataSource.swift */,
			);
			path = CellDataSource;
			sourceTree = "<group>";
		};
		AD16D12225C5CC5900CA9C57 /* MockData */ = {
			isa = PBXGroup;
			children = (
				AD16D12625C5CCC000CA9C57 /* MockData.swift */,
				AD947CA425C78BCF00FFFB1D /* Product-1.json */,
				AD947CA525C78BCF00FFFB1D /* Product-2.json */,
				AD947CA725C78BD000FFFB1D /* Product-3.json */,
				AD947CA625C78BD000FFFB1D /* Product-4.json */,
				AD16D14325C5D00900CA9C57 /* Home.json */,
			);
			path = MockData;
			sourceTree = "<group>";
		};
		AD947E4A25C8E7D100FFFB1D /* Helpers */ = {
			isa = PBXGroup;
			children = (
				AD947E4B25C8E7EE00FFFB1D /* Date+Extension.swift */,
				ADE003962691EF2000470E79 /* AlertController+Extension.swift */,
				ADE0039A269252FF00470E79 /* String+Extension.swift */,
			);
			path = Helpers;
			sourceTree = "<group>";
		};
		AD947E5325C8ED9300FFFB1D /* Home */ = {
			isa = PBXGroup;
			children = (
				AD16D0ED25C5A54B00CA9C57 /* HomeTableViewController.swift */,
				AD947C8D25C7860100FFFB1D /* ProductDetailsTableViewController.swift */,
			);
			path = Home;
			sourceTree = "<group>";
		};
		AD947E5425C8EDA100FFFB1D /* Cart */ = {
			isa = PBXGroup;
			children = (
				AD947E3225C8DA6C00FFFB1D /* OrderDetailsViewController.swift */,
				AD16D15325C61C0400CA9C57 /* CartTableViewController.swift */,
			);
			path = Cart;
			sourceTree = "<group>";
		};
		AD947E5525C8EDAD00FFFB1D /* Profile */ = {
			isa = PBXGroup;
			children = (
				AD947C8525C7817100FFFB1D /* ChangePasswordViewController.swift */,
				AD947C7825C7718F00FFFB1D /* ProfileTableViewController.swift */,
			);
			path = Profile;
			sourceTree = "<group>";
		};
		AD947E5E25C8FBD800FFFB1D /* CollectionContainerCell */ = {
			isa = PBXGroup;
			children = (
				AD16D11925C5C0F400CA9C57 /* BasicCollectionCell.swift */,
				AD16D10C25C5BF8400CA9C57 /* CollectionContainerTableCell.swift */,
			);
			path = CollectionContainerCell;
			sourceTree = "<group>";
		};
		AD947E5F25C8FBF300FFFB1D /* TableViewCell */ = {
			isa = PBXGroup;
			children = (
				AD16D16225C629D700CA9C57 /* QuaternaryTableCell.swift */,
				AD16D16725C629F200CA9C57 /* TextFieldTableCell.swift */,
				AD16D18525C76C5000CA9C57 /* StyledTableCell.swift */,
				AD947C9725C7884000FFFB1D /* TableSpotlightCell.swift */,
				AD947C9C25C78AC700FFFB1D /* SingleButtonCell.swift */,
				AD947E1C25C8B63300FFFB1D /* BasicTableCell.swift */,
				ADE0039826922C5600470E79 /* TextFieldAndButtonTableCell.swift */,
			);
			path = TableViewCell;
			sourceTree = "<group>";
		};
		ADBB6E1D25BA47250000D5DA = {
			isa = PBXGroup;
			children = (
				ADBB6E2825BA47250000D5DA /* Medenjaci */,
				ADBB6E3F25BA47280000D5DA /* MedenjaciTests */,
				ADBB6E4A25BA47280000D5DA /* MedenjaciUITests */,
				ADBB6E2725BA47250000D5DA /* Products */,
				404DFEA9F0FE6F7B592FD46F /* Pods */,
				CF973E9DC04B0009AF225523 /* Frameworks */,
			);
			sourceTree = "<group>";
		};
		ADBB6E2725BA47250000D5DA /* Products */ = {
			isa = PBXGroup;
			children = (
				ADBB6E2625BA47250000D5DA /* Medenjaci.app */,
				ADBB6E3C25BA47280000D5DA /* MedenjaciTests.xctest */,
				ADBB6E4725BA47280000D5DA /* MedenjaciUITests.xctest */,
			);
			name = Products;
			sourceTree = "<group>";
		};
		ADBB6E2825BA47250000D5DA /* Medenjaci */ = {
			isa = PBXGroup;
			children = (
				ADBB6E2925BA47250000D5DA /* AppDelegate.swift */,
				ADBB6E2B25BA47250000D5DA /* SceneDelegate.swift */,
				ADBB6E3725BA47270000D5DA /* Info.plist */,
				ADBB6E6325BA48E50000D5DA /* UI */,
				ADBB6E6425BA49230000D5DA /* Controllers */,
				AD16D10A25C5BED200CA9C57 /* Models */,
				ADBB6EA725BA4EF60000D5DA /* Resources */,
				AD947E4A25C8E7D100FFFB1D /* Helpers */,
				AD16D12225C5CC5900CA9C57 /* MockData */,
			);
			path = Medenjaci;
			sourceTree = "<group>";
		};
		ADBB6E3F25BA47280000D5DA /* MedenjaciTests */ = {
			isa = PBXGroup;
			children = (
				ADBB6E4025BA47280000D5DA /* MedenjaciTests.swift */,
				ADBB6E4225BA47280000D5DA /* Info.plist */,
			);
			path = MedenjaciTests;
			sourceTree = "<group>";
		};
		ADBB6E4A25BA47280000D5DA /* MedenjaciUITests */ = {
			isa = PBXGroup;
			children = (
				ADBB6E4B25BA47280000D5DA /* MedenjaciUITests.swift */,
				ADBB6E4D25BA47280000D5DA /* Info.plist */,
			);
			path = MedenjaciUITests;
			sourceTree = "<group>";
		};
		ADBB6E6325BA48E50000D5DA /* UI */ = {
			isa = PBXGroup;
			children = (
				AD16D10B25C5BF4800CA9C57 /* Cells */,
				ADBB6EF825BA55B70000D5DA /* StoryboardScenes.swift */,
				ADBB6EF725BA55B70000D5DA /* StoryboardSegues.swift */,
				ADBB6E2F25BA47250000D5DA /* Registration.storyboard */,
				ADBB6E3425BA47270000D5DA /* LaunchScreen.storyboard */,
				AD16D0E425C4FC7900CA9C57 /* Main.storyboard */,
			);
			path = UI;
			sourceTree = "<group>";
		};
		ADBB6E6425BA49230000D5DA /* Controllers */ = {
			isa = PBXGroup;
			children = (
				AD16D0EC25C5A52900CA9C57 /* Onboarding */,
				AD947E5325C8ED9300FFFB1D /* Home */,
				AD947E5425C8EDA100FFFB1D /* Cart */,
				AD947E5525C8EDAD00FFFB1D /* Profile */,
			);
			path = Controllers;
			sourceTree = "<group>";
		};
		ADBB6EA725BA4EF60000D5DA /* Resources */ = {
			isa = PBXGroup;
			children = (
				ADBB6EC025BA52090000D5DA /* SwiftGen */,
				ADBB6E3225BA47270000D5DA /* Images.xcassets */,
				ADBB6EB725BA4FAC0000D5DA /* Localizable.strings */,
				ADBB6EB025BA4F730000D5DA /* Colors.xcassets */,
			);
			path = Resources;
			sourceTree = "<group>";
		};
		ADBB6EC025BA52090000D5DA /* SwiftGen */ = {
			isa = PBXGroup;
			children = (
				ADBB6EF125BA55AC0000D5DA /* Assets.swift */,
				ADBB6EF025BA55AC0000D5DA /* Localization.swift */,
			);
			path = SwiftGen;
			sourceTree = "<group>";
		};
		CF973E9DC04B0009AF225523 /* Frameworks */ = {
			isa = PBXGroup;
			children = (
				535EB3E617141D6EC67BA25A /* libPods-Medenjaci.a */,
				C80064622F53AA45C526E4B0 /* libPods-Medenjaci-MedenjaciUITests.a */,
				4F744EFCCF39EFDB0BD769EB /* libPods-MedenjaciTests.a */,
			);
			name = Frameworks;
			sourceTree = "<group>";
		};
/* End PBXGroup section */

/* Begin PBXNativeTarget section */
		ADBB6E2525BA47250000D5DA /* Medenjaci */ = {
			isa = PBXNativeTarget;
			buildConfigurationList = ADBB6E5025BA47280000D5DA /* Build configuration list for PBXNativeTarget "Medenjaci" */;
			buildPhases = (
				661A90AF16E476E49273AE97 /* [CP] Check Pods Manifest.lock */,
				ADBB6E2225BA47250000D5DA /* Sources */,
				ADBB6E2325BA47250000D5DA /* Frameworks */,
				ADBB6E2425BA47250000D5DA /* Resources */,
			);
			buildRules = (
			);
			dependencies = (
			);
			name = Medenjaci;
			productName = Medenjaci;
			productReference = ADBB6E2625BA47250000D5DA /* Medenjaci.app */;
			productType = "com.apple.product-type.application";
		};
		ADBB6E3B25BA47280000D5DA /* MedenjaciTests */ = {
			isa = PBXNativeTarget;
			buildConfigurationList = ADBB6E5325BA47280000D5DA /* Build configuration list for PBXNativeTarget "MedenjaciTests" */;
			buildPhases = (
				26F7EFE56299A4583D726170 /* [CP] Check Pods Manifest.lock */,
				ADBB6E3825BA47280000D5DA /* Sources */,
				ADBB6E3925BA47280000D5DA /* Frameworks */,
				ADBB6E3A25BA47280000D5DA /* Resources */,
			);
			buildRules = (
			);
			dependencies = (
				ADBB6E3E25BA47280000D5DA /* PBXTargetDependency */,
			);
			name = MedenjaciTests;
			productName = MedenjaciTests;
			productReference = ADBB6E3C25BA47280000D5DA /* MedenjaciTests.xctest */;
			productType = "com.apple.product-type.bundle.unit-test";
		};
		ADBB6E4625BA47280000D5DA /* MedenjaciUITests */ = {
			isa = PBXNativeTarget;
			buildConfigurationList = ADBB6E5625BA47280000D5DA /* Build configuration list for PBXNativeTarget "MedenjaciUITests" */;
			buildPhases = (
				066CA47495FECE7A58B641F6 /* [CP] Check Pods Manifest.lock */,
				ADBB6E4325BA47280000D5DA /* Sources */,
				ADBB6E4425BA47280000D5DA /* Frameworks */,
				ADBB6E4525BA47280000D5DA /* Resources */,
			);
			buildRules = (
			);
			dependencies = (
				ADBB6E4925BA47280000D5DA /* PBXTargetDependency */,
			);
			name = MedenjaciUITests;
			productName = MedenjaciUITests;
			productReference = ADBB6E4725BA47280000D5DA /* MedenjaciUITests.xctest */;
			productType = "com.apple.product-type.bundle.ui-testing";
		};
/* End PBXNativeTarget section */

/* Begin PBXProject section */
		ADBB6E1E25BA47250000D5DA /* Project object */ = {
			isa = PBXProject;
			attributes = {
				LastSwiftUpdateCheck = 1200;
				LastUpgradeCheck = 1200;
				TargetAttributes = {
					ADBB6E2525BA47250000D5DA = {
						CreatedOnToolsVersion = 12.0.1;
					};
					ADBB6E3B25BA47280000D5DA = {
						CreatedOnToolsVersion = 12.0.1;
						TestTargetID = ADBB6E2525BA47250000D5DA;
					};
					ADBB6E4625BA47280000D5DA = {
						CreatedOnToolsVersion = 12.0.1;
						TestTargetID = ADBB6E2525BA47250000D5DA;
					};
				};
			};
			buildConfigurationList = ADBB6E2125BA47250000D5DA /* Build configuration list for PBXProject "Medenjaci" */;
			compatibilityVersion = "Xcode 9.3";
			developmentRegion = en;
			hasScannedForEncodings = 0;
			knownRegions = (
				en,
				Base,
				"sr-RS",
			);
			mainGroup = ADBB6E1D25BA47250000D5DA;
			productRefGroup = ADBB6E2725BA47250000D5DA /* Products */;
			projectDirPath = "";
			projectRoot = "";
			targets = (
				ADBB6E2525BA47250000D5DA /* Medenjaci */,
				ADBB6E3B25BA47280000D5DA /* MedenjaciTests */,
				ADBB6E4625BA47280000D5DA /* MedenjaciUITests */,
			);
		};
/* End PBXProject section */

/* Begin PBXResourcesBuildPhase section */
		ADBB6E2425BA47250000D5DA /* Resources */ = {
			isa = PBXResourcesBuildPhase;
			buildActionMask = 2147483647;
			files = (
				ADBB6EB125BA4F730000D5DA /* Colors.xcassets in Resources */,
				AD16D14425C5D00900CA9C57 /* Home.json in Resources */,
				AD947CAA25C78BD000FFFB1D /* Product-4.json in Resources */,
				AD947CAB25C78BD000FFFB1D /* Product-3.json in Resources */,
				AD947CA925C78BD000FFFB1D /* Product-2.json in Resources */,
				ADBB6E3625BA47270000D5DA /* LaunchScreen.storyboard in Resources */,
				ADBB6EB525BA4FAC0000D5DA /* Localizable.strings in Resources */,
				AD16D0E525C4FC7900CA9C57 /* Main.storyboard in Resources */,
				ADBB6E3325BA47270000D5DA /* Images.xcassets in Resources */,
				AD947CA825C78BD000FFFB1D /* Product-1.json in Resources */,
				ADBB6E3125BA47250000D5DA /* Registration.storyboard in Resources */,
			);
			runOnlyForDeploymentPostprocessing = 0;
		};
		ADBB6E3A25BA47280000D5DA /* Resources */ = {
			isa = PBXResourcesBuildPhase;
			buildActionMask = 2147483647;
			files = (
			);
			runOnlyForDeploymentPostprocessing = 0;
		};
		ADBB6E4525BA47280000D5DA /* Resources */ = {
			isa = PBXResourcesBuildPhase;
			buildActionMask = 2147483647;
			files = (
			);
			runOnlyForDeploymentPostprocessing = 0;
		};
/* End PBXResourcesBuildPhase section */

/* Begin PBXShellScriptBuildPhase section */
		066CA47495FECE7A58B641F6 /* [CP] Check Pods Manifest.lock */ = {
			isa = PBXShellScriptBuildPhase;
			buildActionMask = 2147483647;
			files = (
			);
			inputFileListPaths = (
			);
			inputPaths = (
				"${PODS_PODFILE_DIR_PATH}/Podfile.lock",
				"${PODS_ROOT}/Manifest.lock",
			);
			name = "[CP] Check Pods Manifest.lock";
			outputFileListPaths = (
			);
			outputPaths = (
				"$(DERIVED_FILE_DIR)/Pods-Medenjaci-MedenjaciUITests-checkManifestLockResult.txt",
			);
			runOnlyForDeploymentPostprocessing = 0;
			shellPath = /bin/sh;
			shellScript = "diff \"${PODS_PODFILE_DIR_PATH}/Podfile.lock\" \"${PODS_ROOT}/Manifest.lock\" > /dev/null\nif [ $? != 0 ] ; then\n    # print error to STDERR\n    echo \"error: The sandbox is not in sync with the Podfile.lock. Run 'pod install' or update your CocoaPods installation.\" >&2\n    exit 1\nfi\n# This output is used by Xcode 'outputs' to avoid re-running this script phase.\necho \"SUCCESS\" > \"${SCRIPT_OUTPUT_FILE_0}\"\n";
			showEnvVarsInLog = 0;
		};
		26F7EFE56299A4583D726170 /* [CP] Check Pods Manifest.lock */ = {
			isa = PBXShellScriptBuildPhase;
			buildActionMask = 2147483647;
			files = (
			);
			inputFileListPaths = (
			);
			inputPaths = (
				"${PODS_PODFILE_DIR_PATH}/Podfile.lock",
				"${PODS_ROOT}/Manifest.lock",
			);
			name = "[CP] Check Pods Manifest.lock";
			outputFileListPaths = (
			);
			outputPaths = (
				"$(DERIVED_FILE_DIR)/Pods-MedenjaciTests-checkManifestLockResult.txt",
			);
			runOnlyForDeploymentPostprocessing = 0;
			shellPath = /bin/sh;
			shellScript = "diff \"${PODS_PODFILE_DIR_PATH}/Podfile.lock\" \"${PODS_ROOT}/Manifest.lock\" > /dev/null\nif [ $? != 0 ] ; then\n    # print error to STDERR\n    echo \"error: The sandbox is not in sync with the Podfile.lock. Run 'pod install' or update your CocoaPods installation.\" >&2\n    exit 1\nfi\n# This output is used by Xcode 'outputs' to avoid re-running this script phase.\necho \"SUCCESS\" > \"${SCRIPT_OUTPUT_FILE_0}\"\n";
			showEnvVarsInLog = 0;
		};
		661A90AF16E476E49273AE97 /* [CP] Check Pods Manifest.lock */ = {
			isa = PBXShellScriptBuildPhase;
			buildActionMask = 2147483647;
			files = (
			);
			inputFileListPaths = (
			);
			inputPaths = (
				"${PODS_PODFILE_DIR_PATH}/Podfile.lock",
				"${PODS_ROOT}/Manifest.lock",
			);
			name = "[CP] Check Pods Manifest.lock";
			outputFileListPaths = (
			);
			outputPaths = (
				"$(DERIVED_FILE_DIR)/Pods-Medenjaci-checkManifestLockResult.txt",
			);
			runOnlyForDeploymentPostprocessing = 0;
			shellPath = /bin/sh;
			shellScript = "diff \"${PODS_PODFILE_DIR_PATH}/Podfile.lock\" \"${PODS_ROOT}/Manifest.lock\" > /dev/null\nif [ $? != 0 ] ; then\n    # print error to STDERR\n    echo \"error: The sandbox is not in sync with the Podfile.lock. Run 'pod install' or update your CocoaPods installation.\" >&2\n    exit 1\nfi\n# This output is used by Xcode 'outputs' to avoid re-running this script phase.\necho \"SUCCESS\" > \"${SCRIPT_OUTPUT_FILE_0}\"\n";
			showEnvVarsInLog = 0;
		};
/* End PBXShellScriptBuildPhase section */

/* Begin PBXSourcesBuildPhase section */
		ADBB6E2225BA47250000D5DA /* Sources */ = {
			isa = PBXSourcesBuildPhase;
			buildActionMask = 2147483647;
			files = (
				AD16D0EE25C5A54B00CA9C57 /* HomeTableViewController.swift in Sources */,
				AD16D0CD25C4F26900CA9C57 /* LoginViewController.swift in Sources */,
				AD16D13425C5CD7E00CA9C57 /* Category.swift in Sources */,
				AD16D12F25C5CCD400CA9C57 /* HomeModel.swift in Sources */,
				ADE003972691EF2000470E79 /* AlertController+Extension.swift in Sources */,
				AD16D11A25C5C0F400CA9C57 /* BasicCollectionCell.swift in Sources */,
				AD947C7E25C7731F00FFFB1D /* User.swift in Sources */,
				AD16D12725C5CCC000CA9C57 /* MockData.swift in Sources */,
				AD16D15E25C6246500CA9C57 /* Order.swift in Sources */,
				AD16D16825C629F200CA9C57 /* TextFieldTableCell.swift in Sources */,
				AD947C7925C7718F00FFFB1D /* ProfileTableViewController.swift in Sources */,
				ADBB6EF925BA55B70000D5DA /* StoryboardSegues.swift in Sources */,
				ADBB6E2E25BA47250000D5DA /* WelcomeViewController.swift in Sources */,
				ADBB6E2A25BA47250000D5DA /* AppDelegate.swift in Sources */,
				AD947C9825C7884000FFFB1D /* TableSpotlightCell.swift in Sources */,
				AD947C8625C7817100FFFB1D /* ChangePasswordViewController.swift in Sources */,
				AD947C9D25C78AC700FFFB1D /* SingleButtonCell.swift in Sources */,
				AD5FEF0D25C1A6DE003E2472 /* SetUpUserInfoViewController.swift in Sources */,
				AD16D10625C5BECD00CA9C57 /* Product.swift in Sources */,
				AD16D0D725C4F92400CA9C57 /* RegistrationFlowViewController.swift in Sources */,
				ADE0039926922C5600470E79 /* TextFieldAndButtonTableCell.swift in Sources */,
				ADBB6EFA25BA55B70000D5DA /* StoryboardScenes.swift in Sources */,
				AD16D18625C76C5000CA9C57 /* StyledTableCell.swift in Sources */,
				AD16D15425C61C0400CA9C57 /* CartTableViewController.swift in Sources */,
				AD16D10D25C5BF8400CA9C57 /* CollectionContainerTableCell.swift in Sources */,
				AD947E4C25C8E7EE00FFFB1D /* Date+Extension.swift in Sources */,
				ADBB6EF225BA55AC0000D5DA /* Localization.swift in Sources */,
				AD947E3325C8DA6C00FFFB1D /* OrderDetailsViewController.swift in Sources */,
				ADE0039B2692530000470E79 /* String+Extension.swift in Sources */,
				AD947E1D25C8B63300FFFB1D /* BasicTableCell.swift in Sources */,
				AD947C8E25C7860100FFFB1D /* ProductDetailsTableViewController.swift in Sources */,
				AD16D0D225C4F5D700CA9C57 /* ResetPasswordViewController.swift in Sources */,
				ADBB6EF325BA55AC0000D5DA /* Assets.swift in Sources */,
				AD16D16325C629D700CA9C57 /* QuaternaryTableCell.swift in Sources */,
				ADBB6E2C25BA47250000D5DA /* SceneDelegate.swift in Sources */,
				AD16D11525C5C03B00CA9C57 /* CollectionDataSource.swift in Sources */,
			);
			runOnlyForDeploymentPostprocessing = 0;
		};
		ADBB6E3825BA47280000D5DA /* Sources */ = {
			isa = PBXSourcesBuildPhase;
			buildActionMask = 2147483647;
			files = (
				ADBB6E4125BA47280000D5DA /* MedenjaciTests.swift in Sources */,
			);
			runOnlyForDeploymentPostprocessing = 0;
		};
		ADBB6E4325BA47280000D5DA /* Sources */ = {
			isa = PBXSourcesBuildPhase;
			buildActionMask = 2147483647;
			files = (
				ADBB6E4C25BA47280000D5DA /* MedenjaciUITests.swift in Sources */,
			);
			runOnlyForDeploymentPostprocessing = 0;
		};
/* End PBXSourcesBuildPhase section */

/* Begin PBXTargetDependency section */
		ADBB6E3E25BA47280000D5DA /* PBXTargetDependency */ = {
			isa = PBXTargetDependency;
			target = ADBB6E2525BA47250000D5DA /* Medenjaci */;
			targetProxy = ADBB6E3D25BA47280000D5DA /* PBXContainerItemProxy */;
		};
		ADBB6E4925BA47280000D5DA /* PBXTargetDependency */ = {
			isa = PBXTargetDependency;
			target = ADBB6E2525BA47250000D5DA /* Medenjaci */;
			targetProxy = ADBB6E4825BA47280000D5DA /* PBXContainerItemProxy */;
		};
/* End PBXTargetDependency section */

/* Begin PBXVariantGroup section */
		ADBB6E2F25BA47250000D5DA /* Registration.storyboard */ = {
			isa = PBXVariantGroup;
			children = (
				ADBB6E3025BA47250000D5DA /* Base */,
			);
			name = Registration.storyboard;
			sourceTree = "<group>";
		};
		ADBB6E3425BA47270000D5DA /* LaunchScreen.storyboard */ = {
			isa = PBXVariantGroup;
			children = (
				ADBB6E3525BA47270000D5DA /* Base */,
			);
			name = LaunchScreen.storyboard;
			sourceTree = "<group>";
		};
		ADBB6EB725BA4FAC0000D5DA /* Localizable.strings */ = {
			isa = PBXVariantGroup;
			children = (
				ADBB6EBB25BA50550000D5DA /* sr-RS */,
				ADBB6EBF25BA506C0000D5DA /* en */,
			);
			name = Localizable.strings;
			sourceTree = "<group>";
		};
/* End PBXVariantGroup section */

/* Begin XCBuildConfiguration section */
		ADBB6E4E25BA47280000D5DA /* Debug */ = {
			isa = XCBuildConfiguration;
			buildSettings = {
				ALWAYS_SEARCH_USER_PATHS = NO;
				CLANG_ANALYZER_LOCALIZABILITY_NONLOCALIZED = YES;
				CLANG_ANALYZER_NONNULL = YES;
				CLANG_ANALYZER_NUMBER_OBJECT_CONVERSION = YES_AGGRESSIVE;
				CLANG_CXX_LANGUAGE_STANDARD = "gnu++14";
				CLANG_CXX_LIBRARY = "libc++";
				CLANG_ENABLE_MODULES = YES;
				CLANG_ENABLE_OBJC_ARC = YES;
				CLANG_ENABLE_OBJC_WEAK = YES;
				CLANG_WARN_BLOCK_CAPTURE_AUTORELEASING = YES;
				CLANG_WARN_BOOL_CONVERSION = YES;
				CLANG_WARN_COMMA = YES;
				CLANG_WARN_CONSTANT_CONVERSION = YES;
				CLANG_WARN_DEPRECATED_OBJC_IMPLEMENTATIONS = YES;
				CLANG_WARN_DIRECT_OBJC_ISA_USAGE = YES_ERROR;
				CLANG_WARN_DOCUMENTATION_COMMENTS = YES;
				CLANG_WARN_EMPTY_BODY = YES;
				CLANG_WARN_ENUM_CONVERSION = YES;
				CLANG_WARN_INFINITE_RECURSION = YES;
				CLANG_WARN_INT_CONVERSION = YES;
				CLANG_WARN_NON_LITERAL_NULL_CONVERSION = YES;
				CLANG_WARN_OBJC_IMPLICIT_RETAIN_SELF = YES;
				CLANG_WARN_OBJC_LITERAL_CONVERSION = YES;
				CLANG_WARN_OBJC_ROOT_CLASS = YES_ERROR;
				CLANG_WARN_QUOTED_INCLUDE_IN_FRAMEWORK_HEADER = YES;
				CLANG_WARN_RANGE_LOOP_ANALYSIS = YES;
				CLANG_WARN_STRICT_PROTOTYPES = YES;
				CLANG_WARN_SUSPICIOUS_MOVE = YES;
				CLANG_WARN_UNGUARDED_AVAILABILITY = YES_AGGRESSIVE;
				CLANG_WARN_UNREACHABLE_CODE = YES;
				CLANG_WARN__DUPLICATE_METHOD_MATCH = YES;
				COPY_PHASE_STRIP = NO;
				DEBUG_INFORMATION_FORMAT = dwarf;
				ENABLE_STRICT_OBJC_MSGSEND = YES;
				ENABLE_TESTABILITY = YES;
				GCC_C_LANGUAGE_STANDARD = gnu11;
				GCC_DYNAMIC_NO_PIC = NO;
				GCC_NO_COMMON_BLOCKS = YES;
				GCC_OPTIMIZATION_LEVEL = 0;
				GCC_PREPROCESSOR_DEFINITIONS = (
					"DEBUG=1",
					"$(inherited)",
				);
				GCC_WARN_64_TO_32_BIT_CONVERSION = YES;
				GCC_WARN_ABOUT_RETURN_TYPE = YES_ERROR;
				GCC_WARN_UNDECLARED_SELECTOR = YES;
				GCC_WARN_UNINITIALIZED_AUTOS = YES_AGGRESSIVE;
				GCC_WARN_UNUSED_FUNCTION = YES;
				GCC_WARN_UNUSED_VARIABLE = YES;
				IPHONEOS_DEPLOYMENT_TARGET = 14.0;
				MTL_ENABLE_DEBUG_INFO = INCLUDE_SOURCE;
				MTL_FAST_MATH = YES;
				ONLY_ACTIVE_ARCH = YES;
				SDKROOT = iphoneos;
				SWIFT_ACTIVE_COMPILATION_CONDITIONS = DEBUG;
				SWIFT_OPTIMIZATION_LEVEL = "-Onone";
			};
			name = Debug;
		};
		ADBB6E4F25BA47280000D5DA /* Release */ = {
			isa = XCBuildConfiguration;
			buildSettings = {
				ALWAYS_SEARCH_USER_PATHS = NO;
				CLANG_ANALYZER_LOCALIZABILITY_NONLOCALIZED = YES;
				CLANG_ANALYZER_NONNULL = YES;
				CLANG_ANALYZER_NUMBER_OBJECT_CONVERSION = YES_AGGRESSIVE;
				CLANG_CXX_LANGUAGE_STANDARD = "gnu++14";
				CLANG_CXX_LIBRARY = "libc++";
				CLANG_ENABLE_MODULES = YES;
				CLANG_ENABLE_OBJC_ARC = YES;
				CLANG_ENABLE_OBJC_WEAK = YES;
				CLANG_WARN_BLOCK_CAPTURE_AUTORELEASING = YES;
				CLANG_WARN_BOOL_CONVERSION = YES;
				CLANG_WARN_COMMA = YES;
				CLANG_WARN_CONSTANT_CONVERSION = YES;
				CLANG_WARN_DEPRECATED_OBJC_IMPLEMENTATIONS = YES;
				CLANG_WARN_DIRECT_OBJC_ISA_USAGE = YES_ERROR;
				CLANG_WARN_DOCUMENTATION_COMMENTS = YES;
				CLANG_WARN_EMPTY_BODY = YES;
				CLANG_WARN_ENUM_CONVERSION = YES;
				CLANG_WARN_INFINITE_RECURSION = YES;
				CLANG_WARN_INT_CONVERSION = YES;
				CLANG_WARN_NON_LITERAL_NULL_CONVERSION = YES;
				CLANG_WARN_OBJC_IMPLICIT_RETAIN_SELF = YES;
				CLANG_WARN_OBJC_LITERAL_CONVERSION = YES;
				CLANG_WARN_OBJC_ROOT_CLASS = YES_ERROR;
				CLANG_WARN_QUOTED_INCLUDE_IN_FRAMEWORK_HEADER = YES;
				CLANG_WARN_RANGE_LOOP_ANALYSIS = YES;
				CLANG_WARN_STRICT_PROTOTYPES = YES;
				CLANG_WARN_SUSPICIOUS_MOVE = YES;
				CLANG_WARN_UNGUARDED_AVAILABILITY = YES_AGGRESSIVE;
				CLANG_WARN_UNREACHABLE_CODE = YES;
				CLANG_WARN__DUPLICATE_METHOD_MATCH = YES;
				COPY_PHASE_STRIP = NO;
				DEBUG_INFORMATION_FORMAT = "dwarf-with-dsym";
				ENABLE_NS_ASSERTIONS = NO;
				ENABLE_STRICT_OBJC_MSGSEND = YES;
				GCC_C_LANGUAGE_STANDARD = gnu11;
				GCC_NO_COMMON_BLOCKS = YES;
				GCC_WARN_64_TO_32_BIT_CONVERSION = YES;
				GCC_WARN_ABOUT_RETURN_TYPE = YES_ERROR;
				GCC_WARN_UNDECLARED_SELECTOR = YES;
				GCC_WARN_UNINITIALIZED_AUTOS = YES_AGGRESSIVE;
				GCC_WARN_UNUSED_FUNCTION = YES;
				GCC_WARN_UNUSED_VARIABLE = YES;
				IPHONEOS_DEPLOYMENT_TARGET = 14.0;
				MTL_ENABLE_DEBUG_INFO = NO;
				MTL_FAST_MATH = YES;
				SDKROOT = iphoneos;
				SWIFT_COMPILATION_MODE = wholemodule;
				SWIFT_OPTIMIZATION_LEVEL = "-O";
				VALIDATE_PRODUCT = YES;
			};
			name = Release;
		};
		ADBB6E5125BA47280000D5DA /* Debug */ = {
			isa = XCBuildConfiguration;
			baseConfigurationReference = 16AE8739E2E80DC483E81980 /* Pods-Medenjaci.debug.xcconfig */;
			buildSettings = {
				ASSETCATALOG_COMPILER_APPICON_NAME = AppIcon;
				ASSETCATALOG_COMPILER_GLOBAL_ACCENT_COLOR_NAME = AccentColor;
				CODE_SIGN_STYLE = Automatic;
				DEVELOPMENT_TEAM = SA3L24LXCA;
				INFOPLIST_FILE = Medenjaci/Info.plist;
				LD_RUNPATH_SEARCH_PATHS = (
					"$(inherited)",
					"@executable_path/Frameworks",
				);
				PRODUCT_BUNDLE_IDENTIFIER = com.mladenovicmarkodevelopment.medenjaci;
				PRODUCT_NAME = "$(TARGET_NAME)";
				SWIFT_VERSION = 5.0;
				TARGETED_DEVICE_FAMILY = "1,2";
			};
			name = Debug;
		};
		ADBB6E5225BA47280000D5DA /* Release */ = {
			isa = XCBuildConfiguration;
			baseConfigurationReference = 78BD3519BD5BD244012316ED /* Pods-Medenjaci.release.xcconfig */;
			buildSettings = {
				ASSETCATALOG_COMPILER_APPICON_NAME = AppIcon;
				ASSETCATALOG_COMPILER_GLOBAL_ACCENT_COLOR_NAME = AccentColor;
				CODE_SIGN_STYLE = Automatic;
				DEVELOPMENT_TEAM = SA3L24LXCA;
				INFOPLIST_FILE = Medenjaci/Info.plist;
				LD_RUNPATH_SEARCH_PATHS = (
					"$(inherited)",
					"@executable_path/Frameworks",
				);
				PRODUCT_BUNDLE_IDENTIFIER = com.mladenovicmarkodevelopment.medenjaci;
				PRODUCT_NAME = "$(TARGET_NAME)";
				SWIFT_VERSION = 5.0;
				TARGETED_DEVICE_FAMILY = "1,2";
			};
			name = Release;
		};
		ADBB6E5425BA47280000D5DA /* Debug */ = {
			isa = XCBuildConfiguration;
			baseConfigurationReference = 30747943D7C5A1232457E787 /* Pods-MedenjaciTests.debug.xcconfig */;
			buildSettings = {
				ALWAYS_EMBED_SWIFT_STANDARD_LIBRARIES = YES;
				BUNDLE_LOADER = "$(TEST_HOST)";
				CODE_SIGN_STYLE = Automatic;
				DEVELOPMENT_TEAM = SA3L24LXCA;
				INFOPLIST_FILE = MedenjaciTests/Info.plist;
				IPHONEOS_DEPLOYMENT_TARGET = 14.0;
				LD_RUNPATH_SEARCH_PATHS = (
					"$(inherited)",
					"@executable_path/Frameworks",
					"@loader_path/Frameworks",
				);
				PRODUCT_BUNDLE_IDENTIFIER = com.mladenovicmarkodevelopment.MedenjaciTests;
				PRODUCT_NAME = "$(TARGET_NAME)";
				SWIFT_VERSION = 5.0;
				TARGETED_DEVICE_FAMILY = "1,2";
				TEST_HOST = "$(BUILT_PRODUCTS_DIR)/Medenjaci.app/Medenjaci";
			};
			name = Debug;
		};
		ADBB6E5525BA47280000D5DA /* Release */ = {
			isa = XCBuildConfiguration;
			baseConfigurationReference = 8D1A9458B2CA0C5FE2468FA6 /* Pods-MedenjaciTests.release.xcconfig */;
			buildSettings = {
				ALWAYS_EMBED_SWIFT_STANDARD_LIBRARIES = YES;
				BUNDLE_LOADER = "$(TEST_HOST)";
				CODE_SIGN_STYLE = Automatic;
				DEVELOPMENT_TEAM = SA3L24LXCA;
				INFOPLIST_FILE = MedenjaciTests/Info.plist;
				IPHONEOS_DEPLOYMENT_TARGET = 14.0;
				LD_RUNPATH_SEARCH_PATHS = (
					"$(inherited)",
					"@executable_path/Frameworks",
					"@loader_path/Frameworks",
				);
				PRODUCT_BUNDLE_IDENTIFIER = com.mladenovicmarkodevelopment.MedenjaciTests;
				PRODUCT_NAME = "$(TARGET_NAME)";
				SWIFT_VERSION = 5.0;
				TARGETED_DEVICE_FAMILY = "1,2";
				TEST_HOST = "$(BUILT_PRODUCTS_DIR)/Medenjaci.app/Medenjaci";
			};
			name = Release;
		};
		ADBB6E5725BA47280000D5DA /* Debug */ = {
			isa = XCBuildConfiguration;
			baseConfigurationReference = 4DAE61202AF0460E4073A9F1 /* Pods-Medenjaci-MedenjaciUITests.debug.xcconfig */;
			buildSettings = {
				ALWAYS_EMBED_SWIFT_STANDARD_LIBRARIES = YES;
				CODE_SIGN_STYLE = Automatic;
				DEVELOPMENT_TEAM = SA3L24LXCA;
				INFOPLIST_FILE = MedenjaciUITests/Info.plist;
				LD_RUNPATH_SEARCH_PATHS = (
					"$(inherited)",
					"@executable_path/Frameworks",
					"@loader_path/Frameworks",
				);
				PRODUCT_BUNDLE_IDENTIFIER = com.mladenovicmarkodevelopment.MedenjaciUITests;
				PRODUCT_NAME = "$(TARGET_NAME)";
				SWIFT_VERSION = 5.0;
				TARGETED_DEVICE_FAMILY = "1,2";
				TEST_TARGET_NAME = Medenjaci;
			};
			name = Debug;
		};
		ADBB6E5825BA47280000D5DA /* Release */ = {
			isa = XCBuildConfiguration;
			baseConfigurationReference = 8916D44EDD883E8E48925A9C /* Pods-Medenjaci-MedenjaciUITests.release.xcconfig */;
			buildSettings = {
				ALWAYS_EMBED_SWIFT_STANDARD_LIBRARIES = YES;
				CODE_SIGN_STYLE = Automatic;
				DEVELOPMENT_TEAM = SA3L24LXCA;
				INFOPLIST_FILE = MedenjaciUITests/Info.plist;
				LD_RUNPATH_SEARCH_PATHS = (
					"$(inherited)",
					"@executable_path/Frameworks",
					"@loader_path/Frameworks",
				);
				PRODUCT_BUNDLE_IDENTIFIER = com.mladenovicmarkodevelopment.MedenjaciUITests;
				PRODUCT_NAME = "$(TARGET_NAME)";
				SWIFT_VERSION = 5.0;
				TARGETED_DEVICE_FAMILY = "1,2";
				TEST_TARGET_NAME = Medenjaci;
			};
			name = Release;
		};
/* End XCBuildConfiguration section */

/* Begin XCConfigurationList section */
		ADBB6E2125BA47250000D5DA /* Build configuration list for PBXProject "Medenjaci" */ = {
			isa = XCConfigurationList;
			buildConfigurations = (
				ADBB6E4E25BA47280000D5DA /* Debug */,
				ADBB6E4F25BA47280000D5DA /* Release */,
			);
			defaultConfigurationIsVisible = 0;
			defaultConfigurationName = Release;
		};
		ADBB6E5025BA47280000D5DA /* Build configuration list for PBXNativeTarget "Medenjaci" */ = {
			isa = XCConfigurationList;
			buildConfigurations = (
				ADBB6E5125BA47280000D5DA /* Debug */,
				ADBB6E5225BA47280000D5DA /* Release */,
			);
			defaultConfigurationIsVisible = 0;
			defaultConfigurationName = Release;
		};
		ADBB6E5325BA47280000D5DA /* Build configuration list for PBXNativeTarget "MedenjaciTests" */ = {
			isa = XCConfigurationList;
			buildConfigurations = (
				ADBB6E5425BA47280000D5DA /* Debug */,
				ADBB6E5525BA47280000D5DA /* Release */,
			);
			defaultConfigurationIsVisible = 0;
			defaultConfigurationName = Release;
		};
		ADBB6E5625BA47280000D5DA /* Build configuration list for PBXNativeTarget "MedenjaciUITests" */ = {
			isa = XCConfigurationList;
			buildConfigurations = (
				ADBB6E5725BA47280000D5DA /* Debug */,
				ADBB6E5825BA47280000D5DA /* Release */,
			);
			defaultConfigurationIsVisible = 0;
			defaultConfigurationName = Release;
		};
/* End XCConfigurationList section */
	};
	rootObject = ADBB6E1E25BA47250000D5DA /* Project object */;
}
